
Microsoft Visual Studio Solution File, Format Version 12.00
# Visual Studio Version 17
VisualStudioVersion = 17.2.32630.192
MinimumVisualStudioVersion = 10.0.40219.1
Project("{FAE04EC0-301F-11D3-BF4B-00C04F79EFBC}") = "MethodOverloading", "MethodOverloading\MethodOverloading.csproj", "{8580680A-539A-41EE-AEAB-CA0DA0C1862D}"
EndProject
Global
	GlobalSection(SolutionConfigurationPlatforms) = preSolution
		Debug|Any CPU = Debug|Any CPU
		Release|Any CPU = Release|Any CPU
	EndGlobalSection
	GlobalSection(ProjectConfigurationPlatforms) = postSolution
		{8580680A-539A-41EE-AEAB-CA0DA0C1862D}.Debug|Any CPU.ActiveCfg = Debug|Any CPU
		{8580680A-539A-41EE-AEAB-CA0DA0C1862D}.Debug|Any CPU.Build.0 = Debug|Any CPU
		{8580680A-539A-41EE-AEAB-CA0DA0C1862D}.Release|Any CPU.ActiveCfg = Release|Any CPU
		{8580680A-539A-41EE-AEAB-CA0DA0C1862D}.Release|Any CPU.Build.0 = Release|Any CPU
	EndGlobalSection
	GlobalSection(SolutionProperties) = preSolution
		HideSolutionNode = FALSE
	EndGlobalSection
	GlobalSection(ExtensibilityGlobals) = postSolution
		SolutionGuid = {C2AEDE8B-D0E5-418F-8741-AF98CFE6417F}
	EndGlobalSection
EndGlobal
